// !$*UTF8*$!
{
	archiveVersion = 1;
	classes = {
	};
	objectVersion = 52;
	objects = {

/* Begin PBXBuildFile section */
		7E3B00A624D9C4EF00D2B369 /* CalendarVars.swift in Sources */ = {isa = PBXBuildFile; fileRef = 7E3B00A524D9C4EF00D2B369 /* CalendarVars.swift */; };
		7E77796724D3AD9300F79259 /* AppDelegate.swift in Sources */ = {isa = PBXBuildFile; fileRef = 7E77796624D3AD9300F79259 /* AppDelegate.swift */; };
		7E77796B24D3AD9300F79259 /* ViewController.swift in Sources */ = {isa = PBXBuildFile; fileRef = 7E77796A24D3AD9300F79259 /* ViewController.swift */; };
		7E77797024D3AD9400F79259 /* Assets.xcassets in Resources */ = {isa = PBXBuildFile; fileRef = 7E77796F24D3AD9400F79259 /* Assets.xcassets */; };
		7E77797324D3AD9400F79259 /* LaunchScreen.storyboard in Resources */ = {isa = PBXBuildFile; fileRef = 7E77797124D3AD9400F79259 /* LaunchScreen.storyboard */; };
		7E77797C24D3AEBF00F79259 /* SnapKit in Frameworks */ = {isa = PBXBuildFile; productRef = 7E77797B24D3AEBF00F79259 /* SnapKit */; };
		7E77797F24D3B05A00F79259 /* UserInfo.xcdatamodeld in Sources */ = {isa = PBXBuildFile; fileRef = 7E77797D24D3B05A00F79259 /* UserInfo.xcdatamodeld */; };
		7E77798624D3CC2C00F79259 /* CoreDataManager.swift in Sources */ = {isa = PBXBuildFile; fileRef = 7E77798524D3CC2C00F79259 /* CoreDataManager.swift */; };
		7E77798924D4F7A500F79259 /* UserInfo+CoreDataClass.swift in Sources */ = {isa = PBXBuildFile; fileRef = 7E77798724D4F7A500F79259 /* UserInfo+CoreDataClass.swift */; };
		7E77798A24D4F7A500F79259 /* UserInfo+CoreDataProperties.swift in Sources */ = {isa = PBXBuildFile; fileRef = 7E77798824D4F7A500F79259 /* UserInfo+CoreDataProperties.swift */; };
		7E77798C24D50CFC00F79259 /* CoreLocationManager.swift in Sources */ = {isa = PBXBuildFile; fileRef = 7E77798B24D50CFC00F79259 /* CoreLocationManager.swift */; };
		7E77798F24D53F3500F79259 /* GoogleService-Info.plist in Resources */ = {isa = PBXBuildFile; fileRef = 7E77798E24D53F3500F79259 /* GoogleService-Info.plist */; };
		7E7C358024DBDEFE008D92B1 /* NameViewController.swift in Sources */ = {isa = PBXBuildFile; fileRef = 7E7C357F24DBDEFE008D92B1 /* NameViewController.swift */; };
		7E7C358424DE6AF8008D92B1 /* SettingViewController.swift in Sources */ = {isa = PBXBuildFile; fileRef = 7E7C358324DE6AF8008D92B1 /* SettingViewController.swift */; };
		7E7D495224D562F200701581 /* Common.swift in Sources */ = {isa = PBXBuildFile; fileRef = 7E7D495124D562F200701581 /* Common.swift */; };
		7E7D495524D5676000701581 /* Extension.swift in Sources */ = {isa = PBXBuildFile; fileRef = 7E7D495424D5676000701581 /* Extension.swift */; };
		7E7D495724D5759500701581 /* MainCollectionViewCell.swift in Sources */ = {isa = PBXBuildFile; fileRef = 7E7D495624D5759500701581 /* MainCollectionViewCell.swift */; };
		7E7D495924D5B6FD00701581 /* StartDateViewController.swift in Sources */ = {isa = PBXBuildFile; fileRef = 7E7D495824D5B6FD00701581 /* StartDateViewController.swift */; };
		7E90AB3C24E0E7BC0092AF93 /* DetailViewController.swift in Sources */ = {isa = PBXBuildFile; fileRef = 7E90AB3B24E0E7BC0092AF93 /* DetailViewController.swift */; };
		7E90AB3E24E10DE20092AF93 /* DetailHeaderView.swift in Sources */ = {isa = PBXBuildFile; fileRef = 7E90AB3D24E10DE20092AF93 /* DetailHeaderView.swift */; };
		7E90AB4024E113F50092AF93 /* DetailHeaderLayout.swift in Sources */ = {isa = PBXBuildFile; fileRef = 7E90AB3F24E113F50092AF93 /* DetailHeaderLayout.swift */; };
		7E90AB4224E17A220092AF93 /* DetailCellView.swift in Sources */ = {isa = PBXBuildFile; fileRef = 7E90AB4124E17A220092AF93 /* DetailCellView.swift */; };
		7E90AB4424E1A35E0092AF93 /* LocationViewController.swift in Sources */ = {isa = PBXBuildFile; fileRef = 7E90AB4324E1A35E0092AF93 /* LocationViewController.swift */; };
		7E90AB4624E283B20092AF93 /* PostAddressViewController.swift in Sources */ = {isa = PBXBuildFile; fileRef = 7E90AB4524E283B20092AF93 /* PostAddressViewController.swift */; };
		7ECBAE2C24D97EAD001A6388 /* CalenderCollectionViewCell.swift in Sources */ = {isa = PBXBuildFile; fileRef = 7ECBAE2B24D97EAD001A6388 /* CalenderCollectionViewCell.swift */; };
		E63926D9AE6469CEACE65EF3 /* Pods_TripDo.framework in Frameworks */ = {isa = PBXBuildFile; fileRef = F767790C61C67462B16C3D62 /* Pods_TripDo.framework */; };
/* End PBXBuildFile section */

/* Begin PBXFileReference section */
		48BDEBB8F97A9BE4C0ED665B /* Pods-TripDo.debug.xcconfig */ = {isa = PBXFileReference; includeInIndex = 1; lastKnownFileType = text.xcconfig; name = "Pods-TripDo.debug.xcconfig"; path = "Target Support Files/Pods-TripDo/Pods-TripDo.debug.xcconfig"; sourceTree = "<group>"; };
		7E3B00A524D9C4EF00D2B369 /* CalendarVars.swift */ = {isa = PBXFileReference; fileEncoding = 4; lastKnownFileType = sourcecode.swift; path = CalendarVars.swift; sourceTree = "<group>"; };
		7E77796324D3AD9300F79259 /* TripDo.app */ = {isa = PBXFileReference; explicitFileType = wrapper.application; includeInIndex = 0; path = TripDo.app; sourceTree = BUILT_PRODUCTS_DIR; };
		7E77796624D3AD9300F79259 /* AppDelegate.swift */ = {isa = PBXFileReference; lastKnownFileType = sourcecode.swift; path = AppDelegate.swift; sourceTree = "<group>"; };
		7E77796A24D3AD9300F79259 /* ViewController.swift */ = {isa = PBXFileReference; lastKnownFileType = sourcecode.swift; path = ViewController.swift; sourceTree = "<group>"; xcLanguageSpecificationIdentifier = xcode.lang.swift; };
		7E77796F24D3AD9400F79259 /* Assets.xcassets */ = {isa = PBXFileReference; lastKnownFileType = folder.assetcatalog; path = Assets.xcassets; sourceTree = "<group>"; };
		7E77797224D3AD9400F79259 /* Base */ = {isa = PBXFileReference; lastKnownFileType = file.storyboard; name = Base; path = Base.lproj/LaunchScreen.storyboard; sourceTree = "<group>"; };
		7E77797E24D3B05A00F79259 /* UserInfo.xcdatamodel */ = {isa = PBXFileReference; lastKnownFileType = wrapper.xcdatamodel; path = UserInfo.xcdatamodel; sourceTree = "<group>"; };
		7E77798524D3CC2C00F79259 /* CoreDataManager.swift */ = {isa = PBXFileReference; lastKnownFileType = sourcecode.swift; path = CoreDataManager.swift; sourceTree = "<group>"; };
		7E77798724D4F7A500F79259 /* UserInfo+CoreDataClass.swift */ = {isa = PBXFileReference; lastKnownFileType = sourcecode.swift; path = "UserInfo+CoreDataClass.swift"; sourceTree = "<group>"; };
		7E77798824D4F7A500F79259 /* UserInfo+CoreDataProperties.swift */ = {isa = PBXFileReference; lastKnownFileType = sourcecode.swift; path = "UserInfo+CoreDataProperties.swift"; sourceTree = "<group>"; };
		7E77798B24D50CFC00F79259 /* CoreLocationManager.swift */ = {isa = PBXFileReference; lastKnownFileType = sourcecode.swift; path = CoreLocationManager.swift; sourceTree = "<group>"; };
		7E77798E24D53F3500F79259 /* GoogleService-Info.plist */ = {isa = PBXFileReference; fileEncoding = 4; lastKnownFileType = text.plist.xml; path = "GoogleService-Info.plist"; sourceTree = "<group>"; };
		7E7C357F24DBDEFE008D92B1 /* NameViewController.swift */ = {isa = PBXFileReference; lastKnownFileType = sourcecode.swift; path = NameViewController.swift; sourceTree = "<group>"; };
		7E7C358324DE6AF8008D92B1 /* SettingViewController.swift */ = {isa = PBXFileReference; lastKnownFileType = sourcecode.swift; path = SettingViewController.swift; sourceTree = "<group>"; };
		7E7D494E24D5457400701581 /* Info.plist */ = {isa = PBXFileReference; fileEncoding = 4; lastKnownFileType = text.plist.xml; path = Info.plist; sourceTree = "<group>"; };
		7E7D495124D562F200701581 /* Common.swift */ = {isa = PBXFileReference; lastKnownFileType = sourcecode.swift; path = Common.swift; sourceTree = "<group>"; };
		7E7D495424D5676000701581 /* Extension.swift */ = {isa = PBXFileReference; lastKnownFileType = sourcecode.swift; path = Extension.swift; sourceTree = "<group>"; };
		7E7D495624D5759500701581 /* MainCollectionViewCell.swift */ = {isa = PBXFileReference; lastKnownFileType = sourcecode.swift; path = MainCollectionViewCell.swift; sourceTree = "<group>"; };
		7E7D495824D5B6FD00701581 /* StartDateViewController.swift */ = {isa = PBXFileReference; lastKnownFileType = sourcecode.swift; path = StartDateViewController.swift; sourceTree = "<group>"; };
		7E90AB3B24E0E7BC0092AF93 /* DetailViewController.swift */ = {isa = PBXFileReference; lastKnownFileType = sourcecode.swift; path = DetailViewController.swift; sourceTree = "<group>"; };
		7E90AB3D24E10DE20092AF93 /* DetailHeaderView.swift */ = {isa = PBXFileReference; lastKnownFileType = sourcecode.swift; path = DetailHeaderView.swift; sourceTree = "<group>"; };
		7E90AB3F24E113F50092AF93 /* DetailHeaderLayout.swift */ = {isa = PBXFileReference; lastKnownFileType = sourcecode.swift; path = DetailHeaderLayout.swift; sourceTree = "<group>"; };
		7E90AB4124E17A220092AF93 /* DetailCellView.swift */ = {isa = PBXFileReference; lastKnownFileType = sourcecode.swift; path = DetailCellView.swift; sourceTree = "<group>"; };
		7E90AB4324E1A35E0092AF93 /* LocationViewController.swift */ = {isa = PBXFileReference; lastKnownFileType = sourcecode.swift; path = LocationViewController.swift; sourceTree = "<group>"; };
		7E90AB4524E283B20092AF93 /* PostAddressViewController.swift */ = {isa = PBXFileReference; lastKnownFileType = sourcecode.swift; path = PostAddressViewController.swift; sourceTree = "<group>"; };
		7ECBAE2B24D97EAD001A6388 /* CalenderCollectionViewCell.swift */ = {isa = PBXFileReference; lastKnownFileType = sourcecode.swift; path = CalenderCollectionViewCell.swift; sourceTree = "<group>"; };
		C475CA7C09A9831E4D6B9BF4 /* Pods-TripDo.release.xcconfig */ = {isa = PBXFileReference; includeInIndex = 1; lastKnownFileType = text.xcconfig; name = "Pods-TripDo.release.xcconfig"; path = "Target Support Files/Pods-TripDo/Pods-TripDo.release.xcconfig"; sourceTree = "<group>"; };
		F767790C61C67462B16C3D62 /* Pods_TripDo.framework */ = {isa = PBXFileReference; explicitFileType = wrapper.framework; includeInIndex = 0; path = Pods_TripDo.framework; sourceTree = BUILT_PRODUCTS_DIR; };
/* End PBXFileReference section */

/* Begin PBXFrameworksBuildPhase section */
		7E77796024D3AD9300F79259 /* Frameworks */ = {
			isa = PBXFrameworksBuildPhase;
			buildActionMask = 2147483647;
			files = (
				7E77797C24D3AEBF00F79259 /* SnapKit in Frameworks */,
				E63926D9AE6469CEACE65EF3 /* Pods_TripDo.framework in Frameworks */,
			);
			runOnlyForDeploymentPostprocessing = 0;
		};
/* End PBXFrameworksBuildPhase section */

/* Begin PBXGroup section */
		15745645005FD870109B6471 /* Frameworks */ = {
			isa = PBXGroup;
			children = (
				F767790C61C67462B16C3D62 /* Pods_TripDo.framework */,
			);
			name = Frameworks;
			sourceTree = "<group>";
		};
		7815AE32A6D3EAF443991D8F /* Pods */ = {
			isa = PBXGroup;
			children = (
				48BDEBB8F97A9BE4C0ED665B /* Pods-TripDo.debug.xcconfig */,
				C475CA7C09A9831E4D6B9BF4 /* Pods-TripDo.release.xcconfig */,
			);
			path = Pods;
			sourceTree = "<group>";
		};
		7E77795A24D3AD9300F79259 = {
			isa = PBXGroup;
			children = (
				7E77796524D3AD9300F79259 /* TripDo */,
				7E77796424D3AD9300F79259 /* Products */,
				7815AE32A6D3EAF443991D8F /* Pods */,
				15745645005FD870109B6471 /* Frameworks */,
			);
			sourceTree = "<group>";
		};
		7E77796424D3AD9300F79259 /* Products */ = {
			isa = PBXGroup;
			children = (
				7E77796324D3AD9300F79259 /* TripDo.app */,
			);
			name = Products;
			sourceTree = "<group>";
		};
		7E77796524D3AD9300F79259 /* TripDo */ = {
			isa = PBXGroup;
			children = (
				7E77796624D3AD9300F79259 /* AppDelegate.swift */,
				7E7D495324D5674900701581 /* Extension */,
				7E7D495024D562E300701581 /* Common */,
				7E77798124D3B23800F79259 /* Model */,
				7E77798324D3B24C00F79259 /* View */,
				7E77798224D3B24100F79259 /* Controller */,
				7E77798024D3B06800F79259 /* CoreData */,
				7E77798424D3CBF200F79259 /* Manager */,
				7E77798D24D53EEC00F79259 /* Support */,
			);
			path = TripDo;
			sourceTree = "<group>";
		};
		7E77798024D3B06800F79259 /* CoreData */ = {
			isa = PBXGroup;
			children = (
				7E77797D24D3B05A00F79259 /* UserInfo.xcdatamodeld */,
			);
			path = CoreData;
			sourceTree = "<group>";
		};
		7E77798124D3B23800F79259 /* Model */ = {
			isa = PBXGroup;
			children = (
				7E3B00A524D9C4EF00D2B369 /* CalendarVars.swift */,
				7E77798724D4F7A500F79259 /* UserInfo+CoreDataClass.swift */,
				7E77798824D4F7A500F79259 /* UserInfo+CoreDataProperties.swift */,
			);
			path = Model;
			sourceTree = "<group>";
		};
		7E77798224D3B24100F79259 /* Controller */ = {
			isa = PBXGroup;
			children = (
				7E77796A24D3AD9300F79259 /* ViewController.swift */,
				7E7C357F24DBDEFE008D92B1 /* NameViewController.swift */,
				7E7D495824D5B6FD00701581 /* StartDateViewController.swift */,
				7E7C358324DE6AF8008D92B1 /* SettingViewController.swift */,
				7E90AB3B24E0E7BC0092AF93 /* DetailViewController.swift */,
				7E90AB4324E1A35E0092AF93 /* LocationViewController.swift */,
				7E90AB4524E283B20092AF93 /* PostAddressViewController.swift */,
			);
			path = Controller;
			sourceTree = "<group>";
		};
		7E77798324D3B24C00F79259 /* View */ = {
			isa = PBXGroup;
			children = (
				7E7D495624D5759500701581 /* MainCollectionViewCell.swift */,
				7ECBAE2B24D97EAD001A6388 /* CalenderCollectionViewCell.swift */,
				7E90AB3D24E10DE20092AF93 /* DetailHeaderView.swift */,
				7E90AB3F24E113F50092AF93 /* DetailHeaderLayout.swift */,
				7E90AB4124E17A220092AF93 /* DetailCellView.swift */,
			);
			path = View;
			sourceTree = "<group>";
		};
		7E77798424D3CBF200F79259 /* Manager */ = {
			isa = PBXGroup;
			children = (
				7E77798524D3CC2C00F79259 /* CoreDataManager.swift */,
				7E77798B24D50CFC00F79259 /* CoreLocationManager.swift */,
			);
			path = Manager;
			sourceTree = "<group>";
		};
		7E77798D24D53EEC00F79259 /* Support */ = {
			isa = PBXGroup;
			children = (
				7E7D494E24D5457400701581 /* Info.plist */,
				7E77796F24D3AD9400F79259 /* Assets.xcassets */,
				7E77797124D3AD9400F79259 /* LaunchScreen.storyboard */,
				7E77798E24D53F3500F79259 /* GoogleService-Info.plist */,
			);
			path = Support;
			sourceTree = "<group>";
		};
		7E7D495024D562E300701581 /* Common */ = {
			isa = PBXGroup;
			children = (
				7E7D495124D562F200701581 /* Common.swift */,
			);
			path = Common;
			sourceTree = "<group>";
		};
		7E7D495324D5674900701581 /* Extension */ = {
			isa = PBXGroup;
			children = (
				7E7D495424D5676000701581 /* Extension.swift */,
			);
			path = Extension;
			sourceTree = "<group>";
		};
/* End PBXGroup section */

/* Begin PBXNativeTarget section */
		7E77796224D3AD9300F79259 /* TripDo */ = {
			isa = PBXNativeTarget;
			buildConfigurationList = 7E77797724D3AD9400F79259 /* Build configuration list for PBXNativeTarget "TripDo" */;
			buildPhases = (
				424F9C958718D0FD34DA203B /* [CP] Check Pods Manifest.lock */,
				7E77795F24D3AD9300F79259 /* Sources */,
				7E77796024D3AD9300F79259 /* Frameworks */,
				7E77796124D3AD9300F79259 /* Resources */,
				CDA40ABB17A065152C8A5467 /* [CP] Embed Pods Frameworks */,
			);
			buildRules = (
			);
			dependencies = (
			);
			name = TripDo;
			packageProductDependencies = (
				7E77797B24D3AEBF00F79259 /* SnapKit */,
			);
			productName = TripDo;
			productReference = 7E77796324D3AD9300F79259 /* TripDo.app */;
			productType = "com.apple.product-type.application";
		};
/* End PBXNativeTarget section */

/* Begin PBXProject section */
		7E77795B24D3AD9300F79259 /* Project object */ = {
			isa = PBXProject;
			attributes = {
				LastSwiftUpdateCheck = 1160;
				LastUpgradeCheck = 1160;
				ORGANIZATIONNAME = "요한";
				TargetAttributes = {
					7E77796224D3AD9300F79259 = {
						CreatedOnToolsVersion = 11.6;
					};
				};
			};
			buildConfigurationList = 7E77795E24D3AD9300F79259 /* Build configuration list for PBXProject "TripDo" */;
			compatibilityVersion = "Xcode 9.3";
			developmentRegion = en;
			hasScannedForEncodings = 0;
			knownRegions = (
				en,
				Base,
			);
			mainGroup = 7E77795A24D3AD9300F79259;
			packageReferences = (
				7E77797A24D3AEBF00F79259 /* XCRemoteSwiftPackageReference "SnapKit" */,
			);
			productRefGroup = 7E77796424D3AD9300F79259 /* Products */;
			projectDirPath = "";
			projectRoot = "";
			targets = (
				7E77796224D3AD9300F79259 /* TripDo */,
			);
		};
/* End PBXProject section */

/* Begin PBXResourcesBuildPhase section */
		7E77796124D3AD9300F79259 /* Resources */ = {
			isa = PBXResourcesBuildPhase;
			buildActionMask = 2147483647;
			files = (
				7E77797324D3AD9400F79259 /* LaunchScreen.storyboard in Resources */,
				7E77798F24D53F3500F79259 /* GoogleService-Info.plist in Resources */,
				7E77797024D3AD9400F79259 /* Assets.xcassets in Resources */,
			);
			runOnlyForDeploymentPostprocessing = 0;
		};
/* End PBXResourcesBuildPhase section */

/* Begin PBXShellScriptBuildPhase section */
		424F9C958718D0FD34DA203B /* [CP] Check Pods Manifest.lock */ = {
			isa = PBXShellScriptBuildPhase;
			buildActionMask = 2147483647;
			files = (
			);
			inputFileListPaths = (
			);
			inputPaths = (
				"${PODS_PODFILE_DIR_PATH}/Podfile.lock",
				"${PODS_ROOT}/Manifest.lock",
			);
			name = "[CP] Check Pods Manifest.lock";
			outputFileListPaths = (
			);
			outputPaths = (
				"$(DERIVED_FILE_DIR)/Pods-TripDo-checkManifestLockResult.txt",
			);
			runOnlyForDeploymentPostprocessing = 0;
			shellPath = /bin/sh;
			shellScript = "diff \"${PODS_PODFILE_DIR_PATH}/Podfile.lock\" \"${PODS_ROOT}/Manifest.lock\" > /dev/null\nif [ $? != 0 ] ; then\n    # print error to STDERR\n    echo \"error: The sandbox is not in sync with the Podfile.lock. Run 'pod install' or update your CocoaPods installation.\" >&2\n    exit 1\nfi\n# This output is used by Xcode 'outputs' to avoid re-running this script phase.\necho \"SUCCESS\" > \"${SCRIPT_OUTPUT_FILE_0}\"\n";
			showEnvVarsInLog = 0;
		};
		CDA40ABB17A065152C8A5467 /* [CP] Embed Pods Frameworks */ = {
			isa = PBXShellScriptBuildPhase;
			buildActionMask = 2147483647;
			files = (
			);
			inputFileListPaths = (
				"${PODS_ROOT}/Target Support Files/Pods-TripDo/Pods-TripDo-frameworks-${CONFIGURATION}-input-files.xcfilelist",
			);
			name = "[CP] Embed Pods Frameworks";
			outputFileListPaths = (
				"${PODS_ROOT}/Target Support Files/Pods-TripDo/Pods-TripDo-frameworks-${CONFIGURATION}-output-files.xcfilelist",
			);
			runOnlyForDeploymentPostprocessing = 0;
			shellPath = /bin/sh;
			shellScript = "\"${PODS_ROOT}/Target Support Files/Pods-TripDo/Pods-TripDo-frameworks.sh\"\n";
			showEnvVarsInLog = 0;
		};
/* End PBXShellScriptBuildPhase section */

/* Begin PBXSourcesBuildPhase section */
		7E77795F24D3AD9300F79259 /* Sources */ = {
			isa = PBXSourcesBuildPhase;
			buildActionMask = 2147483647;
			files = (
				7ECBAE2C24D97EAD001A6388 /* CalenderCollectionViewCell.swift in Sources */,
				7E7D495524D5676000701581 /* Extension.swift in Sources */,
				7E7D495924D5B6FD00701581 /* StartDateViewController.swift in Sources */,
				7E7D495224D562F200701581 /* Common.swift in Sources */,
				7E77798A24D4F7A500F79259 /* UserInfo+CoreDataProperties.swift in Sources */,
				7E90AB3E24E10DE20092AF93 /* DetailHeaderView.swift in Sources */,
				7E7C358424DE6AF8008D92B1 /* SettingViewController.swift in Sources */,
				7E77796B24D3AD9300F79259 /* ViewController.swift in Sources */,
				7E77798924D4F7A500F79259 /* UserInfo+CoreDataClass.swift in Sources */,
				7E77797F24D3B05A00F79259 /* UserInfo.xcdatamodeld in Sources */,
				7E77798624D3CC2C00F79259 /* CoreDataManager.swift in Sources */,
				7E7C358024DBDEFE008D92B1 /* NameViewController.swift in Sources */,
				7E3B00A624D9C4EF00D2B369 /* CalendarVars.swift in Sources */,
				7E90AB3C24E0E7BC0092AF93 /* DetailViewController.swift in Sources */,
				7E7D495724D5759500701581 /* MainCollectionViewCell.swift in Sources */,
				7E90AB4424E1A35E0092AF93 /* LocationViewController.swift in Sources */,
				7E90AB4224E17A220092AF93 /* DetailCellView.swift in Sources */,
				7E90AB4024E113F50092AF93 /* DetailHeaderLayout.swift in Sources */,
				7E77798C24D50CFC00F79259 /* CoreLocationManager.swift in Sources */,
				7E77796724D3AD9300F79259 /* AppDelegate.swift in Sources */,
				7E90AB4624E283B20092AF93 /* PostAddressViewController.swift in Sources */,
			);
			runOnlyForDeploymentPostprocessing = 0;
		};
/* End PBXSourcesBuildPhase section */

/* Begin PBXVariantGroup section */
		7E77797124D3AD9400F79259 /* LaunchScreen.storyboard */ = {
			isa = PBXVariantGroup;
			children = (
				7E77797224D3AD9400F79259 /* Base */,
			);
			name = LaunchScreen.storyboard;
			sourceTree = "<group>";
		};
/* End PBXVariantGroup section */

/* Begin XCBuildConfiguration section */
		7E77797524D3AD9400F79259 /* Debug */ = {
			isa = XCBuildConfiguration;
			buildSettings = {
				ALWAYS_SEARCH_USER_PATHS = NO;
				CLANG_ANALYZER_NONNULL = YES;
				CLANG_ANALYZER_NUMBER_OBJECT_CONVERSION = YES_AGGRESSIVE;
				CLANG_CXX_LANGUAGE_STANDARD = "gnu++14";
				CLANG_CXX_LIBRARY = "libc++";
				CLANG_ENABLE_MODULES = YES;
				CLANG_ENABLE_OBJC_ARC = YES;
				CLANG_ENABLE_OBJC_WEAK = YES;
				CLANG_WARN_BLOCK_CAPTURE_AUTORELEASING = YES;
				CLANG_WARN_BOOL_CONVERSION = YES;
				CLANG_WARN_COMMA = YES;
				CLANG_WARN_CONSTANT_CONVERSION = YES;
				CLANG_WARN_DEPRECATED_OBJC_IMPLEMENTATIONS = YES;
				CLANG_WARN_DIRECT_OBJC_ISA_USAGE = YES_ERROR;
				CLANG_WARN_DOCUMENTATION_COMMENTS = YES;
				CLANG_WARN_EMPTY_BODY = YES;
				CLANG_WARN_ENUM_CONVERSION = YES;
				CLANG_WARN_INFINITE_RECURSION = YES;
				CLANG_WARN_INT_CONVERSION = YES;
				CLANG_WARN_NON_LITERAL_NULL_CONVERSION = YES;
				CLANG_WARN_OBJC_IMPLICIT_RETAIN_SELF = YES;
				CLANG_WARN_OBJC_LITERAL_CONVERSION = YES;
				CLANG_WARN_OBJC_ROOT_CLASS = YES_ERROR;
				CLANG_WARN_RANGE_LOOP_ANALYSIS = YES;
				CLANG_WARN_STRICT_PROTOTYPES = YES;
				CLANG_WARN_SUSPICIOUS_MOVE = YES;
				CLANG_WARN_UNGUARDED_AVAILABILITY = YES_AGGRESSIVE;
				CLANG_WARN_UNREACHABLE_CODE = YES;
				CLANG_WARN__DUPLICATE_METHOD_MATCH = YES;
				COPY_PHASE_STRIP = NO;
				DEBUG_INFORMATION_FORMAT = dwarf;
				ENABLE_STRICT_OBJC_MSGSEND = YES;
				ENABLE_TESTABILITY = YES;
				GCC_C_LANGUAGE_STANDARD = gnu11;
				GCC_DYNAMIC_NO_PIC = NO;
				GCC_NO_COMMON_BLOCKS = YES;
				GCC_OPTIMIZATION_LEVEL = 0;
				GCC_PREPROCESSOR_DEFINITIONS = (
					"DEBUG=1",
					"$(inherited)",
				);
				GCC_WARN_64_TO_32_BIT_CONVERSION = YES;
				GCC_WARN_ABOUT_RETURN_TYPE = YES_ERROR;
				GCC_WARN_UNDECLARED_SELECTOR = YES;
				GCC_WARN_UNINITIALIZED_AUTOS = YES_AGGRESSIVE;
				GCC_WARN_UNUSED_FUNCTION = YES;
				GCC_WARN_UNUSED_VARIABLE = YES;
				IPHONEOS_DEPLOYMENT_TARGET = 13.6;
				MTL_ENABLE_DEBUG_INFO = INCLUDE_SOURCE;
				MTL_FAST_MATH = YES;
				ONLY_ACTIVE_ARCH = YES;
				SDKROOT = iphoneos;
				SWIFT_ACTIVE_COMPILATION_CONDITIONS = DEBUG;
				SWIFT_OPTIMIZATION_LEVEL = "-Onone";
			};
			name = Debug;
		};
		7E77797624D3AD9400F79259 /* Release */ = {
			isa = XCBuildConfiguration;
			buildSettings = {
				ALWAYS_SEARCH_USER_PATHS = NO;
				CLANG_ANALYZER_NONNULL = YES;
				CLANG_ANALYZER_NUMBER_OBJECT_CONVERSION = YES_AGGRESSIVE;
				CLANG_CXX_LANGUAGE_STANDARD = "gnu++14";
				CLANG_CXX_LIBRARY = "libc++";
				CLANG_ENABLE_MODULES = YES;
				CLANG_ENABLE_OBJC_ARC = YES;
				CLANG_ENABLE_OBJC_WEAK = YES;
				CLANG_WARN_BLOCK_CAPTURE_AUTORELEASING = YES;
				CLANG_WARN_BOOL_CONVERSION = YES;
				CLANG_WARN_COMMA = YES;
				CLANG_WARN_CONSTANT_CONVERSION = YES;
				CLANG_WARN_DEPRECATED_OBJC_IMPLEMENTATIONS = YES;
				CLANG_WARN_DIRECT_OBJC_ISA_USAGE = YES_ERROR;
				CLANG_WARN_DOCUMENTATION_COMMENTS = YES;
				CLANG_WARN_EMPTY_BODY = YES;
				CLANG_WARN_ENUM_CONVERSION = YES;
				CLANG_WARN_INFINITE_RECURSION = YES;
				CLANG_WARN_INT_CONVERSION = YES;
				CLANG_WARN_NON_LITERAL_NULL_CONVERSION = YES;
				CLANG_WARN_OBJC_IMPLICIT_RETAIN_SELF = YES;
				CLANG_WARN_OBJC_LITERAL_CONVERSION = YES;
				CLANG_WARN_OBJC_ROOT_CLASS = YES_ERROR;
				CLANG_WARN_RANGE_LOOP_ANALYSIS = YES;
				CLANG_WARN_STRICT_PROTOTYPES = YES;
				CLANG_WARN_SUSPICIOUS_MOVE = YES;
				CLANG_WARN_UNGUARDED_AVAILABILITY = YES_AGGRESSIVE;
				CLANG_WARN_UNREACHABLE_CODE = YES;
				CLANG_WARN__DUPLICATE_METHOD_MATCH = YES;
				COPY_PHASE_STRIP = NO;
				DEBUG_INFORMATION_FORMAT = "dwarf-with-dsym";
				ENABLE_NS_ASSERTIONS = NO;
				ENABLE_STRICT_OBJC_MSGSEND = YES;
				GCC_C_LANGUAGE_STANDARD = gnu11;
				GCC_NO_COMMON_BLOCKS = YES;
				GCC_WARN_64_TO_32_BIT_CONVERSION = YES;
				GCC_WARN_ABOUT_RETURN_TYPE = YES_ERROR;
				GCC_WARN_UNDECLARED_SELECTOR = YES;
				GCC_WARN_UNINITIALIZED_AUTOS = YES_AGGRESSIVE;
				GCC_WARN_UNUSED_FUNCTION = YES;
				GCC_WARN_UNUSED_VARIABLE = YES;
				IPHONEOS_DEPLOYMENT_TARGET = 13.6;
				MTL_ENABLE_DEBUG_INFO = NO;
				MTL_FAST_MATH = YES;
				SDKROOT = iphoneos;
				SWIFT_COMPILATION_MODE = wholemodule;
				SWIFT_OPTIMIZATION_LEVEL = "-O";
				VALIDATE_PRODUCT = YES;
			};
			name = Release;
		};
		7E77797824D3AD9400F79259 /* Debug */ = {
			isa = XCBuildConfiguration;
			baseConfigurationReference = 48BDEBB8F97A9BE4C0ED665B /* Pods-TripDo.debug.xcconfig */;
			buildSettings = {
				ASSETCATALOG_COMPILER_APPICON_NAME = AppIcon;
				CODE_SIGN_STYLE = Automatic;
				DEVELOPMENT_TEAM = X6LA4P7TFP;
				INFOPLIST_FILE = TripDo/Support/Info.plist;
				IPHONEOS_DEPLOYMENT_TARGET = 13.0;
				LD_RUNPATH_SEARCH_PATHS = (
					"$(inherited)",
					"@executable_path/Frameworks",
				);
				PRODUCT_BUNDLE_IDENTIFIER = com.devyhan93.TripDo;
				PRODUCT_NAME = "$(TARGET_NAME)";
				SWIFT_VERSION = 5.0;
				TARGETED_DEVICE_FAMILY = 1;
			};
			name = Debug;
		};
		7E77797924D3AD9400F79259 /* Release */ = {
			isa = XCBuildConfiguration;
			baseConfigurationReference = C475CA7C09A9831E4D6B9BF4 /* Pods-TripDo.release.xcconfig */;
			buildSettings = {
				ASSETCATALOG_COMPILER_APPICON_NAME = AppIcon;
				CODE_SIGN_STYLE = Automatic;
				DEVELOPMENT_TEAM = X6LA4P7TFP;
				INFOPLIST_FILE = TripDo/Support/Info.plist;
				IPHONEOS_DEPLOYMENT_TARGET = 13.0;
				LD_RUNPATH_SEARCH_PATHS = (
					"$(inherited)",
					"@executable_path/Frameworks",
				);
				PRODUCT_BUNDLE_IDENTIFIER = com.devyhan93.TripDo;
				PRODUCT_NAME = "$(TARGET_NAME)";
				SWIFT_VERSION = 5.0;
				TARGETED_DEVICE_FAMILY = 1;
			};
			name = Release;
		};
/* End XCBuildConfiguration section */

/* Begin XCConfigurationList section */
		7E77795E24D3AD9300F79259 /* Build configuration list for PBXProject "TripDo" */ = {
			isa = XCConfigurationList;
			buildConfigurations = (
				7E77797524D3AD9400F79259 /* Debug */,
				7E77797624D3AD9400F79259 /* Release */,
			);
			defaultConfigurationIsVisible = 0;
			defaultConfigurationName = Release;
		};
		7E77797724D3AD9400F79259 /* Build configuration list for PBXNativeTarget "TripDo" */ = {
			isa = XCConfigurationList;
			buildConfigurations = (
				7E77797824D3AD9400F79259 /* Debug */,
				7E77797924D3AD9400F79259 /* Release */,
			);
			defaultConfigurationIsVisible = 0;
			defaultConfigurationName = Release;
		};
/* End XCConfigurationList section */

/* Begin XCRemoteSwiftPackageReference section */
		7E77797A24D3AEBF00F79259 /* XCRemoteSwiftPackageReference "SnapKit" */ = {
			isa = XCRemoteSwiftPackageReference;
			repositoryURL = "https://github.com/SnapKit/SnapKit.git";
			requirement = {
				kind = upToNextMajorVersion;
				minimumVersion = 5.0.1;
			};
		};
/* End XCRemoteSwiftPackageReference section */

/* Begin XCSwiftPackageProductDependency section */
		7E77797B24D3AEBF00F79259 /* SnapKit */ = {
			isa = XCSwiftPackageProductDependency;
			package = 7E77797A24D3AEBF00F79259 /* XCRemoteSwiftPackageReference "SnapKit" */;
			productName = SnapKit;
		};
/* End XCSwiftPackageProductDependency section */

/* Begin XCVersionGroup section */
		7E77797D24D3B05A00F79259 /* UserInfo.xcdatamodeld */ = {
			isa = XCVersionGroup;
			children = (
				7E77797E24D3B05A00F79259 /* UserInfo.xcdatamodel */,
			);
			currentVersion = 7E77797E24D3B05A00F79259 /* UserInfo.xcdatamodel */;
			path = UserInfo.xcdatamodeld;
			sourceTree = "<group>";
			versionGroupType = wrapper.xcdatamodel;
		};
/* End XCVersionGroup section */
	};
	rootObject = 7E77795B24D3AD9300F79259 /* Project object */;
}
